// !$*UTF8*$!
{
	archiveVersion = 1;
	classes = {
	};
	objectVersion = 50;
	objects = {

/* Begin PBXBuildFile section */
		DA4F1A4926E611D200952E8F /* main.m in Sources */ = {isa = PBXBuildFile; fileRef = DA4F1A4826E611D200952E8F /* main.m */; };
		DA4F1A5126E613D100952E8F /* libgmp.a in Frameworks */ = {isa = PBXBuildFile; fileRef = DA4F1A5026E613D100952E8F /* libgmp.a */; };
		DA4F1A5326E613F800952E8F /* libgc.a in Frameworks */ = {isa = PBXBuildFile; fileRef = DA4F1A5226E613F800952E8F /* libgc.a */; };
		DA4F1A5526E6144B00952E8F /* libunistring.a in Frameworks */ = {isa = PBXBuildFile; fileRef = DA4F1A5426E6144B00952E8F /* libunistring.a */; };
		DA4F1A5726E6147C00952E8F /* libintl.a in Frameworks */ = {isa = PBXBuildFile; fileRef = DA4F1A5626E6147C00952E8F /* libintl.a */; };
		DA4F1A7326E6149300952E8F /* libffi.tbd in Frameworks */ = {isa = PBXBuildFile; fileRef = DA4F1A7226E6149300952E8F /* libffi.tbd */; };
		DA4F1A7526E614AC00952E8F /* libiconv.tbd in Frameworks */ = {isa = PBXBuildFile; fileRef = DA4F1A7426E614AC00952E8F /* libiconv.tbd */; };
/* End PBXBuildFile section */

/* Begin PBXCopyFilesBuildPhase section */
		DA4F1A4326E611D200952E8F /* CopyFiles */ = {
			isa = PBXCopyFilesBuildPhase;
			buildActionMask = 2147483647;
			dstPath = /usr/share/man/man1/;
			dstSubfolderSpec = 0;
			files = (
			);
			runOnlyForDeploymentPostprocessing = 1;
		};
/* End PBXCopyFilesBuildPhase section */

/* Begin PBXFileReference section */
		DA4F1A4526E611D200952E8F /* cli-guile */ = {isa = PBXFileReference; explicitFileType = "compiled.mach-o.executable"; includeInIndex = 0; path = "cli-guile"; sourceTree = BUILT_PRODUCTS_DIR; };
		DA4F1A4826E611D200952E8F /* main.m */ = {isa = PBXFileReference; lastKnownFileType = sourcecode.c.objc; path = main.m; sourceTree = "<group>"; };
		DA4F1A5026E613D100952E8F /* libgmp.a */ = {isa = PBXFileReference; lastKnownFileType = archive.ar; name = libgmp.a; path = ../../../../usr/local/Cellar/gmp/6.2.1/lib/libgmp.a; sourceTree = "<group>"; };
		DA4F1A5226E613F800952E8F /* libgc.a */ = {isa = PBXFileReference; lastKnownFileType = archive.ar; name = libgc.a; path = "../../../../usr/local/Cellar/bdw-gc/8.0.4_2/lib/libgc.a"; sourceTree = "<group>"; };
		DA4F1A5426E6144B00952E8F /* libunistring.a */ = {isa = PBXFileReference; lastKnownFileType = archive.ar; name = libunistring.a; path = ../../../../usr/local/Cellar/libunistring/0.9.10/lib/libunistring.a; sourceTree = "<group>"; };
		DA4F1A5626E6147C00952E8F /* libintl.a */ = {isa = PBXFileReference; lastKnownFileType = archive.ar; name = libintl.a; path = ../../../../usr/local/Cellar/gettext/0.21/lib/libintl.a; sourceTree = "<group>"; };
		DA4F1A5926E6148C00952E8F /* LICENSE-BUILDTOOLS */ = {isa = PBXFileReference; lastKnownFileType = text; path = "LICENSE-BUILDTOOLS"; sourceTree = "<group>"; };
		DA4F1A5A26E6148C00952E8F /* INSTALL_RECEIPT.json */ = {isa = PBXFileReference; lastKnownFileType = text.json; path = INSTALL_RECEIPT.json; sourceTree = "<group>"; };
		DA4F1A5B26E6148C00952E8F /* LICENSE */ = {isa = PBXFileReference; lastKnownFileType = text; path = LICENSE; sourceTree = "<group>"; };
		DA4F1A5D26E6148C00952E8F /* libffi.rb */ = {isa = PBXFileReference; lastKnownFileType = text.script.ruby; path = libffi.rb; sourceTree = "<group>"; };
		DA4F1A5E26E6148C00952E8F /* ChangeLog */ = {isa = PBXFileReference; lastKnownFileType = text; path = ChangeLog; sourceTree = "<group>"; };
		DA4F1A6026E6148C00952E8F /* ffitarget.h */ = {isa = PBXFileReference; lastKnownFileType = sourcecode.c.h; path = ffitarget.h; sourceTree = "<group>"; };
		DA4F1A6126E6148C00952E8F /* ffi.h */ = {isa = PBXFileReference; lastKnownFileType = sourcecode.c.h; path = ffi.h; sourceTree = "<group>"; };
		DA4F1A6226E6148C00952E8F /* README.md */ = {isa = PBXFileReference; lastKnownFileType = net.daringfireball.markdown; path = README.md; sourceTree = "<group>"; };
		DA4F1A6526E6148C00952E8F /* libffi.pc */ = {isa = PBXFileReference; lastKnownFileType = text; path = libffi.pc; sourceTree = "<group>"; };
		DA4F1A6626E6148C00952E8F /* libffi.dylib */ = {isa = PBXFileReference; lastKnownFileType = "compiled.mach-o.dylib"; path = libffi.dylib; sourceTree = "<group>"; };
		DA4F1A6726E6148C00952E8F /* libffi.7.dylib */ = {isa = PBXFileReference; lastKnownFileType = "compiled.mach-o.dylib"; path = libffi.7.dylib; sourceTree = "<group>"; };
		DA4F1A6826E6148C00952E8F /* libffi.a */ = {isa = PBXFileReference; lastKnownFileType = archive.ar; path = libffi.a; sourceTree = "<group>"; };
		DA4F1A6C26E6148C00952E8F /* ffi_call.3 */ = {isa = PBXFileReference; lastKnownFileType = text; path = ffi_call.3; sourceTree = "<group>"; };
		DA4F1A6D26E6148C00952E8F /* ffi_prep_cif_var.3 */ = {isa = PBXFileReference; lastKnownFileType = text; path = ffi_prep_cif_var.3; sourceTree = "<group>"; };
		DA4F1A6E26E6148C00952E8F /* ffi_prep_cif.3 */ = {isa = PBXFileReference; lastKnownFileType = text; path = ffi_prep_cif.3; sourceTree = "<group>"; };
		DA4F1A6F26E6148C00952E8F /* ffi.3 */ = {isa = PBXFileReference; lastKnownFileType = text; path = ffi.3; sourceTree = "<group>"; };
		DA4F1A7126E6148C00952E8F /* libffi.info */ = {isa = PBXFileReference; lastKnownFileType = text; path = libffi.info; sourceTree = "<group>"; };
		DA4F1A7226E6149300952E8F /* libffi.tbd */ = {isa = PBXFileReference; lastKnownFileType = "sourcecode.text-based-dylib-definition"; name = libffi.tbd; path = usr/lib/libffi.tbd; sourceTree = SDKROOT; };
		DA4F1A7426E614AC00952E8F /* libiconv.tbd */ = {isa = PBXFileReference; lastKnownFileType = "sourcecode.text-based-dylib-definition"; name = libiconv.tbd; path = usr/lib/libiconv.tbd; sourceTree = SDKROOT; };
/* End PBXFileReference section */

/* Begin PBXFrameworksBuildPhase section */
		DA4F1A4226E611D200952E8F /* Frameworks */ = {
			isa = PBXFrameworksBuildPhase;
			buildActionMask = 2147483647;
			files = (
				DA4F1A7526E614AC00952E8F /* libiconv.tbd in Frameworks */,
				DA4F1A7326E6149300952E8F /* libffi.tbd in Frameworks */,
				DA4F1A5726E6147C00952E8F /* libintl.a in Frameworks */,
				DA4F1A5526E6144B00952E8F /* libunistring.a in Frameworks */,
				DA4F1A5326E613F800952E8F /* libgc.a in Frameworks */,
				DA4F1A5126E613D100952E8F /* libgmp.a in Frameworks */,
			);
			runOnlyForDeploymentPostprocessing = 0;
		};
/* End PBXFrameworksBuildPhase section */

/* Begin PBXGroup section */
		DA4F1A3C26E611D200952E8F = {
			isa = PBXGroup;
			children = (
				DA4F1A4726E611D200952E8F /* cli-guile */,
				DA4F1A4626E611D200952E8F /* Products */,
				DA4F1A4F26E613D100952E8F /* Frameworks */,
			);
			sourceTree = "<group>";
		};
		DA4F1A4626E611D200952E8F /* Products */ = {
			isa = PBXGroup;
			children = (
				DA4F1A4526E611D200952E8F /* cli-guile */,
			);
			name = Products;
			sourceTree = "<group>";
		};
		DA4F1A4726E611D200952E8F /* cli-guile */ = {
			isa = PBXGroup;
			children = (
				DA4F1A4826E611D200952E8F /* main.m */,
			);
			path = "cli-guile";
			sourceTree = "<group>";
		};
		DA4F1A4F26E613D100952E8F /* Frameworks */ = {
			isa = PBXGroup;
			children = (
				DA4F1A7426E614AC00952E8F /* libiconv.tbd */,
				DA4F1A7226E6149300952E8F /* libffi.tbd */,
				DA4F1A5826E6148C00952E8F /* 3.3_3 */,
				DA4F1A5626E6147C00952E8F /* libintl.a */,
				DA4F1A5426E6144B00952E8F /* libunistring.a */,
				DA4F1A5226E613F800952E8F /* libgc.a */,
				DA4F1A5026E613D100952E8F /* libgmp.a */,
			);
			name = Frameworks;
			sourceTree = "<group>";
		};
		DA4F1A5826E6148C00952E8F /* 3.3_3 */ = {
			isa = PBXGroup;
			children = (
				DA4F1A5926E6148C00952E8F /* LICENSE-BUILDTOOLS */,
				DA4F1A5A26E6148C00952E8F /* INSTALL_RECEIPT.json */,
				DA4F1A5B26E6148C00952E8F /* LICENSE */,
				DA4F1A5C26E6148C00952E8F /* .brew */,
				DA4F1A5E26E6148C00952E8F /* ChangeLog */,
				DA4F1A5F26E6148C00952E8F /* include */,
				DA4F1A6226E6148C00952E8F /* README.md */,
				DA4F1A6326E6148C00952E8F /* lib */,
				DA4F1A6926E6148C00952E8F /* share */,
			);
			name = 3.3_3;
			path = ../../../../usr/local/Cellar/libffi/3.3_3;
			sourceTree = "<group>";
		};
		DA4F1A5C26E6148C00952E8F /* .brew */ = {
			isa = PBXGroup;
			children = (
				DA4F1A5D26E6148C00952E8F /* libffi.rb */,
			);
			path = .brew;
			sourceTree = "<group>";
		};
		DA4F1A5F26E6148C00952E8F /* include */ = {
			isa = PBXGroup;
			children = (
				DA4F1A6026E6148C00952E8F /* ffitarget.h */,
				DA4F1A6126E6148C00952E8F /* ffi.h */,
			);
			path = include;
			sourceTree = "<group>";
		};
		DA4F1A6326E6148C00952E8F /* lib */ = {
			isa = PBXGroup;
			children = (
				DA4F1A6426E6148C00952E8F /* pkgconfig */,
				DA4F1A6626E6148C00952E8F /* libffi.dylib */,
				DA4F1A6726E6148C00952E8F /* libffi.7.dylib */,
				DA4F1A6826E6148C00952E8F /* libffi.a */,
			);
			path = lib;
			sourceTree = "<group>";
		};
		DA4F1A6426E6148C00952E8F /* pkgconfig */ = {
			isa = PBXGroup;
			children = (
				DA4F1A6526E6148C00952E8F /* libffi.pc */,
			);
			path = pkgconfig;
			sourceTree = "<group>";
		};
		DA4F1A6926E6148C00952E8F /* share */ = {
			isa = PBXGroup;
			children = (
				DA4F1A6A26E6148C00952E8F /* man */,
				DA4F1A7026E6148C00952E8F /* info */,
			);
			path = share;
			sourceTree = "<group>";
		};
		DA4F1A6A26E6148C00952E8F /* man */ = {
			isa = PBXGroup;
			children = (
				DA4F1A6B26E6148C00952E8F /* man3 */,
			);
			path = man;
			sourceTree = "<group>";
		};
		DA4F1A6B26E6148C00952E8F /* man3 */ = {
			isa = PBXGroup;
			children = (
				DA4F1A6C26E6148C00952E8F /* ffi_call.3 */,
				DA4F1A6D26E6148C00952E8F /* ffi_prep_cif_var.3 */,
				DA4F1A6E26E6148C00952E8F /* ffi_prep_cif.3 */,
				DA4F1A6F26E6148C00952E8F /* ffi.3 */,
			);
			path = man3;
			sourceTree = "<group>";
		};
		DA4F1A7026E6148C00952E8F /* info */ = {
			isa = PBXGroup;
			children = (
				DA4F1A7126E6148C00952E8F /* libffi.info */,
			);
			path = info;
			sourceTree = "<group>";
		};
/* End PBXGroup section */

/* Begin PBXNativeTarget section */
		DA4F1A4426E611D200952E8F /* cli-guile */ = {
			isa = PBXNativeTarget;
			buildConfigurationList = DA4F1A4C26E611D200952E8F /* Build configuration list for PBXNativeTarget "cli-guile" */;
			buildPhases = (
				DA4F1A4126E611D200952E8F /* Sources */,
				DA4F1A4226E611D200952E8F /* Frameworks */,
				DA4F1A4326E611D200952E8F /* CopyFiles */,
			);
			buildRules = (
			);
			dependencies = (
			);
			name = "cli-guile";
			productName = "cli-guile";
			productReference = DA4F1A4526E611D200952E8F /* cli-guile */;
			productType = "com.apple.product-type.tool";
		};
/* End PBXNativeTarget section */

/* Begin PBXProject section */
		DA4F1A3D26E611D200952E8F /* Project object */ = {
			isa = PBXProject;
			attributes = {
				LastUpgradeCheck = 1250;
				TargetAttributes = {
					DA4F1A4426E611D200952E8F = {
						CreatedOnToolsVersion = 12.5;
					};
				};
			};
			buildConfigurationList = DA4F1A4026E611D200952E8F /* Build configuration list for PBXProject "cli-guile" */;
			compatibilityVersion = "Xcode 9.3";
			developmentRegion = en;
			hasScannedForEncodings = 0;
			knownRegions = (
				en,
				Base,
			);
			mainGroup = DA4F1A3C26E611D200952E8F;
			productRefGroup = DA4F1A4626E611D200952E8F /* Products */;
			projectDirPath = "";
			projectRoot = "";
			targets = (
				DA4F1A4426E611D200952E8F /* cli-guile */,
			);
		};
/* End PBXProject section */

/* Begin PBXSourcesBuildPhase section */
		DA4F1A4126E611D200952E8F /* Sources */ = {
			isa = PBXSourcesBuildPhase;
			buildActionMask = 2147483647;
			files = (
				DA4F1A4926E611D200952E8F /* main.m in Sources */,
			);
			runOnlyForDeploymentPostprocessing = 0;
		};
/* End PBXSourcesBuildPhase section */

/* Begin XCBuildConfiguration section */
		DA4F1A4A26E611D200952E8F /* Debug */ = {
			isa = XCBuildConfiguration;
			buildSettings = {
				ALWAYS_SEARCH_USER_PATHS = NO;
				CLANG_ANALYZER_NONNULL = YES;
				CLANG_ANALYZER_NUMBER_OBJECT_CONVERSION = YES_AGGRESSIVE;
				CLANG_CXX_LANGUAGE_STANDARD = "gnu++14";
				CLANG_CXX_LIBRARY = "libc++";
				CLANG_ENABLE_MODULES = YES;
				CLANG_ENABLE_OBJC_ARC = YES;
				CLANG_ENABLE_OBJC_WEAK = YES;
				CLANG_WARN_BLOCK_CAPTURE_AUTORELEASING = YES;
				CLANG_WARN_BOOL_CONVERSION = YES;
				CLANG_WARN_COMMA = YES;
				CLANG_WARN_CONSTANT_CONVERSION = YES;
				CLANG_WARN_DEPRECATED_OBJC_IMPLEMENTATIONS = YES;
				CLANG_WARN_DIRECT_OBJC_ISA_USAGE = YES_ERROR;
				CLANG_WARN_DOCUMENTATION_COMMENTS = YES;
				CLANG_WARN_EMPTY_BODY = YES;
				CLANG_WARN_ENUM_CONVERSION = YES;
				CLANG_WARN_INFINITE_RECURSION = YES;
				CLANG_WARN_INT_CONVERSION = YES;
				CLANG_WARN_NON_LITERAL_NULL_CONVERSION = YES;
				CLANG_WARN_OBJC_IMPLICIT_RETAIN_SELF = YES;
				CLANG_WARN_OBJC_LITERAL_CONVERSION = YES;
				CLANG_WARN_OBJC_ROOT_CLASS = YES_ERROR;
				CLANG_WARN_QUOTED_INCLUDE_IN_FRAMEWORK_HEADER = YES;
				CLANG_WARN_RANGE_LOOP_ANALYSIS = YES;
				CLANG_WARN_STRICT_PROTOTYPES = YES;
				CLANG_WARN_SUSPICIOUS_MOVE = YES;
				CLANG_WARN_UNGUARDED_AVAILABILITY = YES_AGGRESSIVE;
				CLANG_WARN_UNREACHABLE_CODE = YES;
				CLANG_WARN__DUPLICATE_METHOD_MATCH = YES;
				COPY_PHASE_STRIP = NO;
				DEBUG_INFORMATION_FORMAT = dwarf;
				ENABLE_STRICT_OBJC_MSGSEND = YES;
				ENABLE_TESTABILITY = YES;
				GCC_C_LANGUAGE_STANDARD = gnu11;
				GCC_DYNAMIC_NO_PIC = NO;
				GCC_NO_COMMON_BLOCKS = YES;
				GCC_OPTIMIZATION_LEVEL = 0;
				GCC_PREPROCESSOR_DEFINITIONS = (
					"DEBUG=1",
					"$(inherited)",
				);
				GCC_WARN_64_TO_32_BIT_CONVERSION = YES;
				GCC_WARN_ABOUT_RETURN_TYPE = YES_ERROR;
				GCC_WARN_UNDECLARED_SELECTOR = YES;
				GCC_WARN_UNINITIALIZED_AUTOS = YES_AGGRESSIVE;
				GCC_WARN_UNUSED_FUNCTION = YES;
				GCC_WARN_UNUSED_VARIABLE = YES;
				MACOSX_DEPLOYMENT_TARGET = 11.3;
				MTL_ENABLE_DEBUG_INFO = INCLUDE_SOURCE;
				MTL_FAST_MATH = YES;
				ONLY_ACTIVE_ARCH = YES;
				SDKROOT = macosx;
			};
			name = Debug;
		};
		DA4F1A4B26E611D200952E8F /* Release */ = {
			isa = XCBuildConfiguration;
			buildSettings = {
				ALWAYS_SEARCH_USER_PATHS = NO;
				CLANG_ANALYZER_NONNULL = YES;
				CLANG_ANALYZER_NUMBER_OBJECT_CONVERSION = YES_AGGRESSIVE;
				CLANG_CXX_LANGUAGE_STANDARD = "gnu++14";
				CLANG_CXX_LIBRARY = "libc++";
				CLANG_ENABLE_MODULES = YES;
				CLANG_ENABLE_OBJC_ARC = YES;
				CLANG_ENABLE_OBJC_WEAK = YES;
				CLANG_WARN_BLOCK_CAPTURE_AUTORELEASING = YES;
				CLANG_WARN_BOOL_CONVERSION = YES;
				CLANG_WARN_COMMA = YES;
				CLANG_WARN_CONSTANT_CONVERSION = YES;
				CLANG_WARN_DEPRECATED_OBJC_IMPLEMENTATIONS = YES;
				CLANG_WARN_DIRECT_OBJC_ISA_USAGE = YES_ERROR;
				CLANG_WARN_DOCUMENTATION_COMMENTS = YES;
				CLANG_WARN_EMPTY_BODY = YES;
				CLANG_WARN_ENUM_CONVERSION = YES;
				CLANG_WARN_INFINITE_RECURSION = YES;
				CLANG_WARN_INT_CONVERSION = YES;
				CLANG_WARN_NON_LITERAL_NULL_CONVERSION = YES;
				CLANG_WARN_OBJC_IMPLICIT_RETAIN_SELF = YES;
				CLANG_WARN_OBJC_LITERAL_CONVERSION = YES;
				CLANG_WARN_OBJC_ROOT_CLASS = YES_ERROR;
				CLANG_WARN_QUOTED_INCLUDE_IN_FRAMEWORK_HEADER = YES;
				CLANG_WARN_RANGE_LOOP_ANALYSIS = YES;
				CLANG_WARN_STRICT_PROTOTYPES = YES;
				CLANG_WARN_SUSPICIOUS_MOVE = YES;
				CLANG_WARN_UNGUARDED_AVAILABILITY = YES_AGGRESSIVE;
				CLANG_WARN_UNREACHABLE_CODE = YES;
				CLANG_WARN__DUPLICATE_METHOD_MATCH = YES;
				COPY_PHASE_STRIP = NO;
				DEBUG_INFORMATION_FORMAT = "dwarf-with-dsym";
				ENABLE_NS_ASSERTIONS = NO;
				ENABLE_STRICT_OBJC_MSGSEND = YES;
				GCC_C_LANGUAGE_STANDARD = gnu11;
				GCC_NO_COMMON_BLOCKS = YES;
				GCC_WARN_64_TO_32_BIT_CONVERSION = YES;
				GCC_WARN_ABOUT_RETURN_TYPE = YES_ERROR;
				GCC_WARN_UNDECLARED_SELECTOR = YES;
				GCC_WARN_UNINITIALIZED_AUTOS = YES_AGGRESSIVE;
				GCC_WARN_UNUSED_FUNCTION = YES;
				GCC_WARN_UNUSED_VARIABLE = YES;
				MACOSX_DEPLOYMENT_TARGET = 11.3;
				MTL_ENABLE_DEBUG_INFO = NO;
				MTL_FAST_MATH = YES;
				SDKROOT = macosx;
			};
			name = Release;
		};
		DA4F1A4D26E611D200952E8F /* Debug */ = {
			isa = XCBuildConfiguration;
			buildSettings = {
				CODE_SIGN_STYLE = Automatic;
				DEVELOPMENT_TEAM = QG72S9L5L3;
				ENABLE_HARDENED_RUNTIME = YES;
				HEADER_SEARCH_PATHS = (
					"../guile-3.0.7",
					"/usr/local/opt/bdw-gc/include",
					/usr/local/opt/readline/include,
					/usr/local/opt/gmp/include,
				);
				LIBRARY_SEARCH_PATHS = (
					"$(inherited)",
					/usr/local/Cellar/gmp/6.2.1/lib,
					"/usr/local/Cellar/bdw-gc/8.0.4_2/lib",
					/usr/local/Cellar/libunistring/0.9.10/lib,
					/usr/local/Cellar/gettext/0.21/lib,
				);
				OTHER_LDFLAGS = "../guile-3.0.7/libguile/.libs/libguile-3.0.a";
				PRODUCT_NAME = "$(TARGET_NAME)";
			};
			name = Debug;
		};
		DA4F1A4E26E611D200952E8F /* Release */ = {
			isa = XCBuildConfiguration;
			buildSettings = {
				CODE_SIGN_STYLE = Automatic;
				DEVELOPMENT_TEAM = QG72S9L5L3;
				ENABLE_HARDENED_RUNTIME = YES;
				HEADER_SEARCH_PATHS = (
					"../guile-3.0.7",
					"/usr/local/opt/bdw-gc/include",
					/usr/local/opt/readline/include,
					/usr/local/opt/gmp/include,
				);
				LIBRARY_SEARCH_PATHS = (
					"$(inherited)",
					/usr/local/Cellar/gmp/6.2.1/lib,
					"/usr/local/Cellar/bdw-gc/8.0.4_2/lib",
					/usr/local/Cellar/libunistring/0.9.10/lib,
					/usr/local/Cellar/gettext/0.21/lib,
				);
				OTHER_LDFLAGS = "../guile-3.0.7/libguile/.libs/libguile-3.0.a";
				PRODUCT_NAME = "$(TARGET_NAME)";
			};
			name = Release;
		};
/* End XCBuildConfiguration section */

/* Begin XCConfigurationList section */
		DA4F1A4026E611D200952E8F /* Build configuration list for PBXProject "cli-guile" */ = {
			isa = XCConfigurationList;
			buildConfigurations = (
				DA4F1A4A26E611D200952E8F /* Debug */,
				DA4F1A4B26E611D200952E8F /* Release */,
			);
			defaultConfigurationIsVisible = 0;
			defaultConfigurationName = Release;
		};
		DA4F1A4C26E611D200952E8F /* Build configuration list for PBXNativeTarget "cli-guile" */ = {
			isa = XCConfigurationList;
			buildConfigurations = (
				DA4F1A4D26E611D200952E8F /* Debug */,
				DA4F1A4E26E611D200952E8F /* Release */,
			);
			defaultConfigurationIsVisible = 0;
			defaultConfigurationName = Release;
		};
/* End XCConfigurationList section */
	};
	rootObject = DA4F1A3D26E611D200952E8F /* Project object */;
}
